
Microsoft Visual Studio Solution File, Format Version 12.00
# Visual Studio Version 17
VisualStudioVersion = 17.7.34018.315
MinimumVisualStudioVersion = 10.0.40219.1
Project("{FAE04EC0-301F-11D3-BF4B-00C04F79EFBC}") = "SDI & MDI", "SDI & MDI\SDI & MDI.csproj", "{DB345BB1-2A82-4CD8-A08C-7473A75892EF}"
EndProject
Project("{FAE04EC0-301F-11D3-BF4B-00C04F79EFBC}") = "Nhập liệu sinh viên", "Nhập liệu sinh viên\Nhập liệu sinh viên.csproj", "{340A6F4F-36CD-4A78-9692-D14DDAA2E671}"
EndProject
Global
	GlobalSection(SolutionConfigurationPlatforms) = preSolution
		Debug|Any CPU = Debug|Any CPU
		Release|Any CPU = Release|Any CPU
	EndGlobalSection
	GlobalSection(ProjectConfigurationPlatforms) = postSolution
		{DB345BB1-2A82-4CD8-A08C-7473A75892EF}.Debug|Any CPU.ActiveCfg = Debug|Any CPU
		{DB345BB1-2A82-4CD8-A08C-7473A75892EF}.Debug|Any CPU.Build.0 = Debug|Any CPU
		{DB345BB1-2A82-4CD8-A08C-7473A75892EF}.Release|Any CPU.ActiveCfg = Release|Any CPU
		{DB345BB1-2A82-4CD8-A08C-7473A75892EF}.Release|Any CPU.Build.0 = Release|Any CPU
		{340A6F4F-36CD-4A78-9692-D14DDAA2E671}.Debug|Any CPU.ActiveCfg = Debug|Any CPU
		{340A6F4F-36CD-4A78-9692-D14DDAA2E671}.Debug|Any CPU.Build.0 = Debug|Any CPU
		{340A6F4F-36CD-4A78-9692-D14DDAA2E671}.Release|Any CPU.ActiveCfg = Release|Any CPU
		{340A6F4F-36CD-4A78-9692-D14DDAA2E671}.Release|Any CPU.Build.0 = Release|Any CPU
	EndGlobalSection
	GlobalSection(SolutionProperties) = preSolution
		HideSolutionNode = FALSE
	EndGlobalSection
	GlobalSection(ExtensibilityGlobals) = postSolution
		SolutionGuid = {84C70B4C-1040-42E4-B913-69FBA0479B1A}
	EndGlobalSection
EndGlobal
